
Microsoft Visual Studio Solution File, Format Version 12.00
# Visual Studio Version 17
VisualStudioVersion = 17.12.35527.113 d17.12
MinimumVisualStudioVersion = 10.0.40219.1
Project("{FAE04EC0-301F-11D3-BF4B-00C04F79EFBC}") = "Clawtopia Cs", "Clawtopia Cs.csproj", "{A5A3B04E-A92F-47AB-9844-BC8AA3C62FC0}"
EndProject
Global
	GlobalSection(SolutionConfigurationPlatforms) = preSolution
		Debug|Any CPU = Debug|Any CPU
		ExportDebug|Any CPU = ExportDebug|Any CPU
		ExportRelease|Any CPU = ExportRelease|Any CPU
	EndGlobalSection
	GlobalSection(ProjectConfigurationPlatforms) = postSolution
		{A5A3B04E-A92F-47AB-9844-BC8AA3C62FC0}.Debug|Any CPU.ActiveCfg = Debug|Any CPU
		{A5A3B04E-A92F-47AB-9844-BC8AA3C62FC0}.Debug|Any CPU.Build.0 = Debug|Any CPU
		{A5A3B04E-A92F-47AB-9844-BC8AA3C62FC0}.ExportDebug|Any CPU.ActiveCfg = ExportDebug|Any CPU
		{A5A3B04E-A92F-47AB-9844-BC8AA3C62FC0}.ExportDebug|Any CPU.Build.0 = ExportDebug|Any CPU
		{A5A3B04E-A92F-47AB-9844-BC8AA3C62FC0}.ExportRelease|Any CPU.ActiveCfg = ExportRelease|Any CPU
		{A5A3B04E-A92F-47AB-9844-BC8AA3C62FC0}.ExportRelease|Any CPU.Build.0 = ExportRelease|Any CPU
	EndGlobalSection
	GlobalSection(SolutionProperties) = preSolution
		HideSolutionNode = FALSE
	EndGlobalSection
EndGlobal
